
Microsoft Visual Studio Solution File, Format Version 12.00
# Visual Studio Version 17
VisualStudioVersion = 17.10.35027.167
MinimumVisualStudioVersion = 10.0.40219.1
Project("{2150E333-8FDC-42A3-9474-1A3956D46DE8}") = "Services", "Services", "{E3812794-EE9A-4941-A2FE-212F7D5E9AA2}"
EndProject
Project("{2150E333-8FDC-42A3-9474-1A3956D46DE8}") = "Catalog", "Catalog", "{965FAF62-FDB1-4A53-8D6D-6A034FC7145C}"
EndProject
Project("{9A19103F-16F7-4668-BE54-9A1E7A4F7556}") = "MultiShop.Catalog.API", "Services\Catalog\MultiShop.Catalog.API\MultiShop.Catalog.API.csproj", "{6BEB9A79-C9DB-4825-B8B0-6FAAC29AEE7B}"
EndProject
Project("{2150E333-8FDC-42A3-9474-1A3956D46DE8}") = "Discount", "Discount", "{C96E91F9-817F-44C6-94B1-563631C71675}"
EndProject
Project("{9A19103F-16F7-4668-BE54-9A1E7A4F7556}") = "MultiShop.Discount.API", "Services\Discount\MultiShop.Discount.API\MultiShop.Discount.API.csproj", "{35292C6B-7E6E-470A-9ECF-A1B945416DC4}"
EndProject
Project("{2150E333-8FDC-42A3-9474-1A3956D46DE8}") = "Order", "Order", "{5F15AF14-1A46-4D7B-8B6C-E30D34B7F82E}"
EndProject
Project("{2150E333-8FDC-42A3-9474-1A3956D46DE8}") = "Core", "Core", "{1F4A2898-7B37-4BCE-ADF9-69B939ABDFBC}"
EndProject
Project("{2150E333-8FDC-42A3-9474-1A3956D46DE8}") = "Infrastructure", "Infrastructure", "{164EF031-A190-4A2F-B1C2-C27F920500D4}"
EndProject
Project("{2150E333-8FDC-42A3-9474-1A3956D46DE8}") = "Presentation", "Presentation", "{DF937BDA-2227-4EF7-A396-D9A2C4941A07}"
EndProject
Project("{FAE04EC0-301F-11D3-BF4B-00C04F79EFBC}") = "MultiShop.Order.Domain", "Services\Order\Core\MultiShop.Order.Domain\MultiShop.Order.Domain.csproj", "{FA5ACBC2-FB87-491E-A71C-320833CF5F48}"
EndProject
Project("{FAE04EC0-301F-11D3-BF4B-00C04F79EFBC}") = "MultiShop.Order.Application", "Services\Order\Core\MultiShop.Order.Application\MultiShop.Order.Application.csproj", "{B3399647-2D6C-4B89-9680-D72C1502B71D}"
EndProject
Project("{FAE04EC0-301F-11D3-BF4B-00C04F79EFBC}") = "MultiShop.Order.Persistence", "Services\Order\Infrastructure\MultiShop.Order.Persistence\MultiShop.Order.Persistence.csproj", "{0F9809E0-8AA6-4BF7-8C81-326C5CEF78BA}"
EndProject
Project("{FAE04EC0-301F-11D3-BF4B-00C04F79EFBC}") = "MultiShop.Order.Web.API", "Services\Order\Presentation\MultiShop.Order.Web.API\MultiShop.Order.Web.API.csproj", "{AE5DD3E2-E4D0-4315-A425-964178B2308F}"
EndProject
Global
	GlobalSection(SolutionConfigurationPlatforms) = preSolution
		Debug|Any CPU = Debug|Any CPU
		Release|Any CPU = Release|Any CPU
	EndGlobalSection
	GlobalSection(ProjectConfigurationPlatforms) = postSolution
		{6BEB9A79-C9DB-4825-B8B0-6FAAC29AEE7B}.Debug|Any CPU.ActiveCfg = Debug|Any CPU
		{6BEB9A79-C9DB-4825-B8B0-6FAAC29AEE7B}.Debug|Any CPU.Build.0 = Debug|Any CPU
		{6BEB9A79-C9DB-4825-B8B0-6FAAC29AEE7B}.Release|Any CPU.ActiveCfg = Release|Any CPU
		{6BEB9A79-C9DB-4825-B8B0-6FAAC29AEE7B}.Release|Any CPU.Build.0 = Release|Any CPU
		{35292C6B-7E6E-470A-9ECF-A1B945416DC4}.Debug|Any CPU.ActiveCfg = Debug|Any CPU
		{35292C6B-7E6E-470A-9ECF-A1B945416DC4}.Debug|Any CPU.Build.0 = Debug|Any CPU
		{35292C6B-7E6E-470A-9ECF-A1B945416DC4}.Release|Any CPU.ActiveCfg = Release|Any CPU
		{35292C6B-7E6E-470A-9ECF-A1B945416DC4}.Release|Any CPU.Build.0 = Release|Any CPU
		{FA5ACBC2-FB87-491E-A71C-320833CF5F48}.Debug|Any CPU.ActiveCfg = Debug|Any CPU
		{FA5ACBC2-FB87-491E-A71C-320833CF5F48}.Debug|Any CPU.Build.0 = Debug|Any CPU
		{FA5ACBC2-FB87-491E-A71C-320833CF5F48}.Release|Any CPU.ActiveCfg = Release|Any CPU
		{FA5ACBC2-FB87-491E-A71C-320833CF5F48}.Release|Any CPU.Build.0 = Release|Any CPU
		{B3399647-2D6C-4B89-9680-D72C1502B71D}.Debug|Any CPU.ActiveCfg = Debug|Any CPU
		{B3399647-2D6C-4B89-9680-D72C1502B71D}.Debug|Any CPU.Build.0 = Debug|Any CPU
		{B3399647-2D6C-4B89-9680-D72C1502B71D}.Release|Any CPU.ActiveCfg = Release|Any CPU
		{B3399647-2D6C-4B89-9680-D72C1502B71D}.Release|Any CPU.Build.0 = Release|Any CPU
		{0F9809E0-8AA6-4BF7-8C81-326C5CEF78BA}.Debug|Any CPU.ActiveCfg = Debug|Any CPU
		{0F9809E0-8AA6-4BF7-8C81-326C5CEF78BA}.Debug|Any CPU.Build.0 = Debug|Any CPU
		{0F9809E0-8AA6-4BF7-8C81-326C5CEF78BA}.Release|Any CPU.ActiveCfg = Release|Any CPU
		{0F9809E0-8AA6-4BF7-8C81-326C5CEF78BA}.Release|Any CPU.Build.0 = Release|Any CPU
		{AE5DD3E2-E4D0-4315-A425-964178B2308F}.Debug|Any CPU.ActiveCfg = Debug|Any CPU
		{AE5DD3E2-E4D0-4315-A425-964178B2308F}.Debug|Any CPU.Build.0 = Debug|Any CPU
		{AE5DD3E2-E4D0-4315-A425-964178B2308F}.Release|Any CPU.ActiveCfg = Release|Any CPU
		{AE5DD3E2-E4D0-4315-A425-964178B2308F}.Release|Any CPU.Build.0 = Release|Any CPU
	EndGlobalSection
	GlobalSection(SolutionProperties) = preSolution
		HideSolutionNode = FALSE
	EndGlobalSection
	GlobalSection(NestedProjects) = preSolution
		{965FAF62-FDB1-4A53-8D6D-6A034FC7145C} = {E3812794-EE9A-4941-A2FE-212F7D5E9AA2}
		{6BEB9A79-C9DB-4825-B8B0-6FAAC29AEE7B} = {965FAF62-FDB1-4A53-8D6D-6A034FC7145C}
		{C96E91F9-817F-44C6-94B1-563631C71675} = {E3812794-EE9A-4941-A2FE-212F7D5E9AA2}
		{35292C6B-7E6E-470A-9ECF-A1B945416DC4} = {C96E91F9-817F-44C6-94B1-563631C71675}
		{5F15AF14-1A46-4D7B-8B6C-E30D34B7F82E} = {E3812794-EE9A-4941-A2FE-212F7D5E9AA2}
		{1F4A2898-7B37-4BCE-ADF9-69B939ABDFBC} = {5F15AF14-1A46-4D7B-8B6C-E30D34B7F82E}
		{164EF031-A190-4A2F-B1C2-C27F920500D4} = {5F15AF14-1A46-4D7B-8B6C-E30D34B7F82E}
		{DF937BDA-2227-4EF7-A396-D9A2C4941A07} = {5F15AF14-1A46-4D7B-8B6C-E30D34B7F82E}
		{FA5ACBC2-FB87-491E-A71C-320833CF5F48} = {1F4A2898-7B37-4BCE-ADF9-69B939ABDFBC}
		{B3399647-2D6C-4B89-9680-D72C1502B71D} = {1F4A2898-7B37-4BCE-ADF9-69B939ABDFBC}
		{0F9809E0-8AA6-4BF7-8C81-326C5CEF78BA} = {164EF031-A190-4A2F-B1C2-C27F920500D4}
		{AE5DD3E2-E4D0-4315-A425-964178B2308F} = {DF937BDA-2227-4EF7-A396-D9A2C4941A07}
	EndGlobalSection
	GlobalSection(ExtensibilityGlobals) = postSolution
		SolutionGuid = {E26FB9EC-1182-4AC3-8084-692911EA002D}
	EndGlobalSection
EndGlobal
